// !$*UTF8*$!
{
	archiveVersion = 1;
	classes = {
	};
	objectVersion = 50;
	objects = {

/* Begin PBXBuildFile section */
		CAA6857962AD913F2DFB71AE /* libPods-Weather.a in Frameworks */ = {isa = PBXBuildFile; fileRef = 2E0B33C61A9EB7AC58FCA161 /* libPods-Weather.a */; };
		D44F310E23674D970069ECAC /* AppDelegate.m in Sources */ = {isa = PBXBuildFile; fileRef = D44F310D23674D970069ECAC /* AppDelegate.m */; };
		D44F311123674D970069ECAC /* CitiesViewController.m in Sources */ = {isa = PBXBuildFile; fileRef = D44F311023674D970069ECAC /* CitiesViewController.m */; };
		D44F311423674D970069ECAC /* Main.storyboard in Resources */ = {isa = PBXBuildFile; fileRef = D44F311223674D970069ECAC /* Main.storyboard */; };
		D44F311723674D970069ECAC /* Weather.xcdatamodeld in Sources */ = {isa = PBXBuildFile; fileRef = D44F311523674D970069ECAC /* Weather.xcdatamodeld */; };
		D44F311923674D980069ECAC /* Assets.xcassets in Resources */ = {isa = PBXBuildFile; fileRef = D44F311823674D980069ECAC /* Assets.xcassets */; };
		D44F311C23674D980069ECAC /* LaunchScreen.storyboard in Resources */ = {isa = PBXBuildFile; fileRef = D44F311A23674D980069ECAC /* LaunchScreen.storyboard */; };
		D44F311F23674D980069ECAC /* main.m in Sources */ = {isa = PBXBuildFile; fileRef = D44F311E23674D980069ECAC /* main.m */; };
		D44F31272367EFE10069ECAC /* WeatherModel.m in Sources */ = {isa = PBXBuildFile; fileRef = D44F31262367EFE10069ECAC /* WeatherModel.m */; };
		D4C6DFB02367F4CD0042827E /* API.m in Sources */ = {isa = PBXBuildFile; fileRef = D4C6DFAF2367F4CD0042827E /* API.m */; };
		D4C6DFB3236813A60042827E /* CoreDate.m in Sources */ = {isa = PBXBuildFile; fileRef = D4C6DFB2236813A60042827E /* CoreDate.m */; };
		D4C6DFB923688DF70042827E /* CitiesTableViewCell.m in Sources */ = {isa = PBXBuildFile; fileRef = D4C6DFB823688DF70042827E /* CitiesTableViewCell.m */; };
		D4C6DFBC23689BF20042827E /* SearchForCityViewController.m in Sources */ = {isa = PBXBuildFile; fileRef = D4C6DFBB23689BF20042827E /* SearchForCityViewController.m */; };
		D4C6DFBF23689C0B0042827E /* CityHistoricalViewController.m in Sources */ = {isa = PBXBuildFile; fileRef = D4C6DFBE23689C0B0042827E /* CityHistoricalViewController.m */; };
		D4C6DFC223689C390042827E /* CityCurrentWeatherDetailsViewController.m in Sources */ = {isa = PBXBuildFile; fileRef = D4C6DFC123689C390042827E /* CityCurrentWeatherDetailsViewController.m */; };
/* End PBXBuildFile section */

/* Begin PBXFileReference section */
		0D6F1A575C335789386018D8 /* Pods-Weather.debug.xcconfig */ = {isa = PBXFileReference; includeInIndex = 1; lastKnownFileType = text.xcconfig; name = "Pods-Weather.debug.xcconfig"; path = "Target Support Files/Pods-Weather/Pods-Weather.debug.xcconfig"; sourceTree = "<group>"; };
		2E0B33C61A9EB7AC58FCA161 /* libPods-Weather.a */ = {isa = PBXFileReference; explicitFileType = archive.ar; includeInIndex = 0; path = "libPods-Weather.a"; sourceTree = BUILT_PRODUCTS_DIR; };
		7541B982AF1ACA95BABB89D3 /* Pods-Weather.release.xcconfig */ = {isa = PBXFileReference; includeInIndex = 1; lastKnownFileType = text.xcconfig; name = "Pods-Weather.release.xcconfig"; path = "Target Support Files/Pods-Weather/Pods-Weather.release.xcconfig"; sourceTree = "<group>"; };
		D44F310923674D970069ECAC /* Weather.app */ = {isa = PBXFileReference; explicitFileType = wrapper.application; includeInIndex = 0; path = Weather.app; sourceTree = BUILT_PRODUCTS_DIR; };
		D44F310C23674D970069ECAC /* AppDelegate.h */ = {isa = PBXFileReference; lastKnownFileType = sourcecode.c.h; path = AppDelegate.h; sourceTree = "<group>"; };
		D44F310D23674D970069ECAC /* AppDelegate.m */ = {isa = PBXFileReference; lastKnownFileType = sourcecode.c.objc; path = AppDelegate.m; sourceTree = "<group>"; };
		D44F310F23674D970069ECAC /* CitiesViewController.h */ = {isa = PBXFileReference; lastKnownFileType = sourcecode.c.h; path = CitiesViewController.h; sourceTree = "<group>"; };
		D44F311023674D970069ECAC /* CitiesViewController.m */ = {isa = PBXFileReference; lastKnownFileType = sourcecode.c.objc; path = CitiesViewController.m; sourceTree = "<group>"; };
		D44F311323674D970069ECAC /* Base */ = {isa = PBXFileReference; lastKnownFileType = file.storyboard; name = Base; path = Base.lproj/Main.storyboard; sourceTree = "<group>"; };
		D44F311623674D970069ECAC /* Weather.xcdatamodel */ = {isa = PBXFileReference; lastKnownFileType = wrapper.xcdatamodel; path = Weather.xcdatamodel; sourceTree = "<group>"; };
		D44F311823674D980069ECAC /* Assets.xcassets */ = {isa = PBXFileReference; lastKnownFileType = folder.assetcatalog; path = Assets.xcassets; sourceTree = "<group>"; };
		D44F311B23674D980069ECAC /* Base */ = {isa = PBXFileReference; lastKnownFileType = file.storyboard; name = Base; path = Base.lproj/LaunchScreen.storyboard; sourceTree = "<group>"; };
		D44F311D23674D980069ECAC /* Info.plist */ = {isa = PBXFileReference; lastKnownFileType = text.plist.xml; path = Info.plist; sourceTree = "<group>"; };
		D44F311E23674D980069ECAC /* main.m */ = {isa = PBXFileReference; lastKnownFileType = sourcecode.c.objc; path = main.m; sourceTree = "<group>"; };
		D44F31262367EFE10069ECAC /* WeatherModel.m */ = {isa = PBXFileReference; lastKnownFileType = sourcecode.c.objc; path = WeatherModel.m; sourceTree = "<group>"; };
		D44F31282367EFF00069ECAC /* WeatherModel.h */ = {isa = PBXFileReference; lastKnownFileType = sourcecode.c.h; path = WeatherModel.h; sourceTree = "<group>"; };
		D4C6DFAF2367F4CD0042827E /* API.m */ = {isa = PBXFileReference; lastKnownFileType = sourcecode.c.objc; path = API.m; sourceTree = "<group>"; };
		D4C6DFB12367F97D0042827E /* API.h */ = {isa = PBXFileReference; lastKnownFileType = sourcecode.c.h; path = API.h; sourceTree = "<group>"; };
		D4C6DFB2236813A60042827E /* CoreDate.m */ = {isa = PBXFileReference; lastKnownFileType = sourcecode.c.objc; path = CoreDate.m; sourceTree = "<group>"; };
		D4C6DFB4236813B20042827E /* CoreDate.h */ = {isa = PBXFileReference; lastKnownFileType = sourcecode.c.h; path = CoreDate.h; sourceTree = "<group>"; };
		D4C6DFB723688DF70042827E /* CitiesTableViewCell.h */ = {isa = PBXFileReference; lastKnownFileType = sourcecode.c.h; path = CitiesTableViewCell.h; sourceTree = "<group>"; };
		D4C6DFB823688DF70042827E /* CitiesTableViewCell.m */ = {isa = PBXFileReference; lastKnownFileType = sourcecode.c.objc; path = CitiesTableViewCell.m; sourceTree = "<group>"; };
		D4C6DFBA23689BF20042827E /* SearchForCityViewController.h */ = {isa = PBXFileReference; lastKnownFileType = sourcecode.c.h; path = SearchForCityViewController.h; sourceTree = "<group>"; };
		D4C6DFBB23689BF20042827E /* SearchForCityViewController.m */ = {isa = PBXFileReference; lastKnownFileType = sourcecode.c.objc; path = SearchForCityViewController.m; sourceTree = "<group>"; };
		D4C6DFBD23689C0B0042827E /* CityHistoricalViewController.h */ = {isa = PBXFileReference; lastKnownFileType = sourcecode.c.h; path = CityHistoricalViewController.h; sourceTree = "<group>"; };
		D4C6DFBE23689C0B0042827E /* CityHistoricalViewController.m */ = {isa = PBXFileReference; lastKnownFileType = sourcecode.c.objc; path = CityHistoricalViewController.m; sourceTree = "<group>"; };
		D4C6DFC023689C390042827E /* CityCurrentWeatherDetailsViewController.h */ = {isa = PBXFileReference; lastKnownFileType = sourcecode.c.h; path = CityCurrentWeatherDetailsViewController.h; sourceTree = "<group>"; };
		D4C6DFC123689C390042827E /* CityCurrentWeatherDetailsViewController.m */ = {isa = PBXFileReference; lastKnownFileType = sourcecode.c.objc; path = CityCurrentWeatherDetailsViewController.m; sourceTree = "<group>"; };
/* End PBXFileReference section */

/* Begin PBXFrameworksBuildPhase section */
		D44F310623674D970069ECAC /* Frameworks */ = {
			isa = PBXFrameworksBuildPhase;
			buildActionMask = 2147483647;
			files = (
				CAA6857962AD913F2DFB71AE /* libPods-Weather.a in Frameworks */,
			);
			runOnlyForDeploymentPostprocessing = 0;
		};
/* End PBXFrameworksBuildPhase section */

/* Begin PBXGroup section */
		36DC5508B9AAB1139A9C8948 /* Frameworks */ = {
			isa = PBXGroup;
			children = (
				2E0B33C61A9EB7AC58FCA161 /* libPods-Weather.a */,
			);
			name = Frameworks;
			sourceTree = "<group>";
		};
		7E18325877FF5BFCD51C95CC /* Pods */ = {
			isa = PBXGroup;
			children = (
				0D6F1A575C335789386018D8 /* Pods-Weather.debug.xcconfig */,
				7541B982AF1ACA95BABB89D3 /* Pods-Weather.release.xcconfig */,
			);
			path = Pods;
			sourceTree = "<group>";
		};
		D44F310023674D970069ECAC = {
			isa = PBXGroup;
			children = (
				D44F310B23674D970069ECAC /* Weather */,
				D44F310A23674D970069ECAC /* Products */,
				7E18325877FF5BFCD51C95CC /* Pods */,
				36DC5508B9AAB1139A9C8948 /* Frameworks */,
			);
			sourceTree = "<group>";
		};
		D44F310A23674D970069ECAC /* Products */ = {
			isa = PBXGroup;
			children = (
				D44F310923674D970069ECAC /* Weather.app */,
			);
			name = Products;
			sourceTree = "<group>";
		};
		D44F310B23674D970069ECAC /* Weather */ = {
			isa = PBXGroup;
			children = (
				D4C6DFAE2367F4BE0042827E /* Services */,
				D44F31252367EF970069ECAC /* Model */,
				D4C6DFB5236813BD0042827E /* Views */,
				D4C6DFB6236813DD0042827E /* Controlers */,
				D44F310C23674D970069ECAC /* AppDelegate.h */,
				D44F310D23674D970069ECAC /* AppDelegate.m */,
				D44F311823674D980069ECAC /* Assets.xcassets */,
				D44F311D23674D980069ECAC /* Info.plist */,
				D44F311E23674D980069ECAC /* main.m */,
				D44F311523674D970069ECAC /* Weather.xcdatamodeld */,
			);
			path = Weather;
			sourceTree = "<group>";
		};
		D44F31252367EF970069ECAC /* Model */ = {
			isa = PBXGroup;
			children = (
				D44F31282367EFF00069ECAC /* WeatherModel.h */,
				D44F31262367EFE10069ECAC /* WeatherModel.m */,
			);
			path = Model;
			sourceTree = "<group>";
		};
		D4C6DFAE2367F4BE0042827E /* Services */ = {
			isa = PBXGroup;
			children = (
				D4C6DFB12367F97D0042827E /* API.h */,
				D4C6DFAF2367F4CD0042827E /* API.m */,
				D4C6DFB4236813B20042827E /* CoreDate.h */,
				D4C6DFB2236813A60042827E /* CoreDate.m */,
			);
			path = Services;
			sourceTree = "<group>";
		};
		D4C6DFB5236813BD0042827E /* Views */ = {
			isa = PBXGroup;
			children = (
				D44F311223674D970069ECAC /* Main.storyboard */,
				D44F311A23674D980069ECAC /* LaunchScreen.storyboard */,
				D4C6DFB723688DF70042827E /* CitiesTableViewCell.h */,
				D4C6DFB823688DF70042827E /* CitiesTableViewCell.m */,
			);
			path = Views;
			sourceTree = "<group>";
		};
		D4C6DFB6236813DD0042827E /* Controlers */ = {
			isa = PBXGroup;
			children = (
				D44F310F23674D970069ECAC /* CitiesViewController.h */,
				D44F311023674D970069ECAC /* CitiesViewController.m */,
				D4C6DFBA23689BF20042827E /* SearchForCityViewController.h */,
				D4C6DFBB23689BF20042827E /* SearchForCityViewController.m */,
				D4C6DFBD23689C0B0042827E /* CityHistoricalViewController.h */,
				D4C6DFBE23689C0B0042827E /* CityHistoricalViewController.m */,
				D4C6DFC023689C390042827E /* CityCurrentWeatherDetailsViewController.h */,
				D4C6DFC123689C390042827E /* CityCurrentWeatherDetailsViewController.m */,
			);
			path = Controlers;
			sourceTree = "<group>";
		};
/* End PBXGroup section */

/* Begin PBXNativeTarget section */
		D44F310823674D970069ECAC /* Weather */ = {
			isa = PBXNativeTarget;
			buildConfigurationList = D44F312223674D980069ECAC /* Build configuration list for PBXNativeTarget "Weather" */;
			buildPhases = (
				2A0C84FBAC83ABE1DD9A1032 /* [CP] Check Pods Manifest.lock */,
				D44F310523674D970069ECAC /* Sources */,
				D44F310623674D970069ECAC /* Frameworks */,
				D44F310723674D970069ECAC /* Resources */,
				0D34DC23868DDB5B71272F51 /* [CP] Copy Pods Resources */,
			);
			buildRules = (
			);
			dependencies = (
			);
			name = Weather;
			productName = Weather;
			productReference = D44F310923674D970069ECAC /* Weather.app */;
			productType = "com.apple.product-type.application";
		};
/* End PBXNativeTarget section */

/* Begin PBXProject section */
		D44F310123674D970069ECAC /* Project object */ = {
			isa = PBXProject;
			attributes = {
				LastUpgradeCheck = 1030;
				ORGANIZATIONNAME = "Shimaa Hassan";
				TargetAttributes = {
					D44F310823674D970069ECAC = {
						CreatedOnToolsVersion = 10.3;
					};
				};
			};
			buildConfigurationList = D44F310423674D970069ECAC /* Build configuration list for PBXProject "Weather" */;
			compatibilityVersion = "Xcode 9.3";
			developmentRegion = en;
			hasScannedForEncodings = 0;
			knownRegions = (
				en,
				Base,
			);
			mainGroup = D44F310023674D970069ECAC;
			productRefGroup = D44F310A23674D970069ECAC /* Products */;
			projectDirPath = "";
			projectRoot = "";
			targets = (
				D44F310823674D970069ECAC /* Weather */,
			);
		};
/* End PBXProject section */

/* Begin PBXResourcesBuildPhase section */
		D44F310723674D970069ECAC /* Resources */ = {
			isa = PBXResourcesBuildPhase;
			buildActionMask = 2147483647;
			files = (
				D44F311C23674D980069ECAC /* LaunchScreen.storyboard in Resources */,
				D44F311923674D980069ECAC /* Assets.xcassets in Resources */,
				D44F311423674D970069ECAC /* Main.storyboard in Resources */,
			);
			runOnlyForDeploymentPostprocessing = 0;
		};
/* End PBXResourcesBuildPhase section */

/* Begin PBXShellScriptBuildPhase section */
		0D34DC23868DDB5B71272F51 /* [CP] Copy Pods Resources */ = {
			isa = PBXShellScriptBuildPhase;
			buildActionMask = 2147483647;
			files = (
			);
			inputFileListPaths = (
			);
			inputPaths = (
				"${PODS_ROOT}/Target Support Files/Pods-Weather/Pods-Weather-resources.sh",
				"${PODS_ROOT}/SVProgressHUD/SVProgressHUD/SVProgressHUD.bundle",
			);
			name = "[CP] Copy Pods Resources";
			outputFileListPaths = (
			);
			outputPaths = (
				"${TARGET_BUILD_DIR}/${UNLOCALIZED_RESOURCES_FOLDER_PATH}/SVProgressHUD.bundle",
			);
			runOnlyForDeploymentPostprocessing = 0;
			shellPath = /bin/sh;
			shellScript = "\"${PODS_ROOT}/Target Support Files/Pods-Weather/Pods-Weather-resources.sh\"\n";
			showEnvVarsInLog = 0;
		};
		2A0C84FBAC83ABE1DD9A1032 /* [CP] Check Pods Manifest.lock */ = {
			isa = PBXShellScriptBuildPhase;
			buildActionMask = 2147483647;
			files = (
			);
			inputFileListPaths = (
			);
			inputPaths = (
				"${PODS_PODFILE_DIR_PATH}/Podfile.lock",
				"${PODS_ROOT}/Manifest.lock",
			);
			name = "[CP] Check Pods Manifest.lock";
			outputFileListPaths = (
			);
			outputPaths = (
				"$(DERIVED_FILE_DIR)/Pods-Weather-checkManifestLockResult.txt",
			);
			runOnlyForDeploymentPostprocessing = 0;
			shellPath = /bin/sh;
			shellScript = "diff \"${PODS_PODFILE_DIR_PATH}/Podfile.lock\" \"${PODS_ROOT}/Manifest.lock\" > /dev/null\nif [ $? != 0 ] ; then\n    # print error to STDERR\n    echo \"error: The sandbox is not in sync with the Podfile.lock. Run 'pod install' or update your CocoaPods installation.\" >&2\n    exit 1\nfi\n# This output is used by Xcode 'outputs' to avoid re-running this script phase.\necho \"SUCCESS\" > \"${SCRIPT_OUTPUT_FILE_0}\"\n";
			showEnvVarsInLog = 0;
		};
/* End PBXShellScriptBuildPhase section */

/* Begin PBXSourcesBuildPhase section */
		D44F310523674D970069ECAC /* Sources */ = {
			isa = PBXSourcesBuildPhase;
			buildActionMask = 2147483647;
			files = (
				D4C6DFB02367F4CD0042827E /* API.m in Sources */,
				D4C6DFBF23689C0B0042827E /* CityHistoricalViewController.m in Sources */,
				D44F311723674D970069ECAC /* Weather.xcdatamodeld in Sources */,
				D44F31272367EFE10069ECAC /* WeatherModel.m in Sources */,
				D4C6DFC223689C390042827E /* CityCurrentWeatherDetailsViewController.m in Sources */,
				D44F311123674D970069ECAC /* CitiesViewController.m in Sources */,
				D44F311F23674D980069ECAC /* main.m in Sources */,
				D4C6DFBC23689BF20042827E /* SearchForCityViewController.m in Sources */,
				D4C6DFB923688DF70042827E /* CitiesTableViewCell.m in Sources */,
				D4C6DFB3236813A60042827E /* CoreDate.m in Sources */,
				D44F310E23674D970069ECAC /* AppDelegate.m in Sources */,
			);
			runOnlyForDeploymentPostprocessing = 0;
		};
/* End PBXSourcesBuildPhase section */

/* Begin PBXVariantGroup section */
		D44F311223674D970069ECAC /* Main.storyboard */ = {
			isa = PBXVariantGroup;
			children = (
				D44F311323674D970069ECAC /* Base */,
			);
			name = Main.storyboard;
			sourceTree = "<group>";
		};
		D44F311A23674D980069ECAC /* LaunchScreen.storyboard */ = {
			isa = PBXVariantGroup;
			children = (
				D44F311B23674D980069ECAC /* Base */,
			);
			name = LaunchScreen.storyboard;
			sourceTree = "<group>";
		};
/* End PBXVariantGroup section */

/* Begin XCBuildConfiguration section */
		D44F312023674D980069ECAC /* Debug */ = {
			isa = XCBuildConfiguration;
			buildSettings = {
				ALWAYS_SEARCH_USER_PATHS = NO;
				CLANG_ANALYZER_NONNULL = YES;
				CLANG_ANALYZER_NUMBER_OBJECT_CONVERSION = YES_AGGRESSIVE;
				CLANG_CXX_LANGUAGE_STANDARD = "gnu++14";
				CLANG_CXX_LIBRARY = "libc++";
				CLANG_ENABLE_MODULES = YES;
				CLANG_ENABLE_OBJC_ARC = YES;
				CLANG_ENABLE_OBJC_WEAK = YES;
				CLANG_WARN_BLOCK_CAPTURE_AUTORELEASING = YES;
				CLANG_WARN_BOOL_CONVERSION = YES;
				CLANG_WARN_COMMA = YES;
				CLANG_WARN_CONSTANT_CONVERSION = YES;
				CLANG_WARN_DEPRECATED_OBJC_IMPLEMENTATIONS = YES;
				CLANG_WARN_DIRECT_OBJC_ISA_USAGE = YES_ERROR;
				CLANG_WARN_DOCUMENTATION_COMMENTS = YES;
				CLANG_WARN_EMPTY_BODY = YES;
				CLANG_WARN_ENUM_CONVERSION = YES;
				CLANG_WARN_INFINITE_RECURSION = YES;
				CLANG_WARN_INT_CONVERSION = YES;
				CLANG_WARN_NON_LITERAL_NULL_CONVERSION = YES;
				CLANG_WARN_OBJC_IMPLICIT_RETAIN_SELF = YES;
				CLANG_WARN_OBJC_LITERAL_CONVERSION = YES;
				CLANG_WARN_OBJC_ROOT_CLASS = YES_ERROR;
				CLANG_WARN_RANGE_LOOP_ANALYSIS = YES;
				CLANG_WARN_STRICT_PROTOTYPES = YES;
				CLANG_WARN_SUSPICIOUS_MOVE = YES;
				CLANG_WARN_UNGUARDED_AVAILABILITY = YES_AGGRESSIVE;
				CLANG_WARN_UNREACHABLE_CODE = YES;
				CLANG_WARN__DUPLICATE_METHOD_MATCH = YES;
				CODE_SIGN_IDENTITY = "iPhone Developer";
				COPY_PHASE_STRIP = NO;
				DEBUG_INFORMATION_FORMAT = dwarf;
				ENABLE_STRICT_OBJC_MSGSEND = YES;
				ENABLE_TESTABILITY = YES;
				GCC_C_LANGUAGE_STANDARD = gnu11;
				GCC_DYNAMIC_NO_PIC = NO;
				GCC_NO_COMMON_BLOCKS = YES;
				GCC_OPTIMIZATION_LEVEL = 0;
				GCC_PREPROCESSOR_DEFINITIONS = (
					"DEBUG=1",
					"$(inherited)",
				);
				GCC_WARN_64_TO_32_BIT_CONVERSION = YES;
				GCC_WARN_ABOUT_RETURN_TYPE = YES_ERROR;
				GCC_WARN_UNDECLARED_SELECTOR = YES;
				GCC_WARN_UNINITIALIZED_AUTOS = YES_AGGRESSIVE;
				GCC_WARN_UNUSED_FUNCTION = YES;
				GCC_WARN_UNUSED_VARIABLE = YES;
				IPHONEOS_DEPLOYMENT_TARGET = 12.4;
				MTL_ENABLE_DEBUG_INFO = INCLUDE_SOURCE;
				MTL_FAST_MATH = YES;
				ONLY_ACTIVE_ARCH = YES;
				SDKROOT = iphoneos;
			};
			name = Debug;
		};
		D44F312123674D980069ECAC /* Release */ = {
			isa = XCBuildConfiguration;
			buildSettings = {
				ALWAYS_SEARCH_USER_PATHS = NO;
				CLANG_ANALYZER_NONNULL = YES;
				CLANG_ANALYZER_NUMBER_OBJECT_CONVERSION = YES_AGGRESSIVE;
				CLANG_CXX_LANGUAGE_STANDARD = "gnu++14";
				CLANG_CXX_LIBRARY = "libc++";
				CLANG_ENABLE_MODULES = YES;
				CLANG_ENABLE_OBJC_ARC = YES;
				CLANG_ENABLE_OBJC_WEAK = YES;
				CLANG_WARN_BLOCK_CAPTURE_AUTORELEASING = YES;
				CLANG_WARN_BOOL_CONVERSION = YES;
				CLANG_WARN_COMMA = YES;
				CLANG_WARN_CONSTANT_CONVERSION = YES;
				CLANG_WARN_DEPRECATED_OBJC_IMPLEMENTATIONS = YES;
				CLANG_WARN_DIRECT_OBJC_ISA_USAGE = YES_ERROR;
				CLANG_WARN_DOCUMENTATION_COMMENTS = YES;
				CLANG_WARN_EMPTY_BODY = YES;
				CLANG_WARN_ENUM_CONVERSION = YES;
				CLANG_WARN_INFINITE_RECURSION = YES;
				CLANG_WARN_INT_CONVERSION = YES;
				CLANG_WARN_NON_LITERAL_NULL_CONVERSION = YES;
				CLANG_WARN_OBJC_IMPLICIT_RETAIN_SELF = YES;
				CLANG_WARN_OBJC_LITERAL_CONVERSION = YES;
				CLANG_WARN_OBJC_ROOT_CLASS = YES_ERROR;
				CLANG_WARN_RANGE_LOOP_ANALYSIS = YES;
				CLANG_WARN_STRICT_PROTOTYPES = YES;
				CLANG_WARN_SUSPICIOUS_MOVE = YES;
				CLANG_WARN_UNGUARDED_AVAILABILITY = YES_AGGRESSIVE;
				CLANG_WARN_UNREACHABLE_CODE = YES;
				CLANG_WARN__DUPLICATE_METHOD_MATCH = YES;
				CODE_SIGN_IDENTITY = "iPhone Developer";
				COPY_PHASE_STRIP = NO;
				DEBUG_INFORMATION_FORMAT = "dwarf-with-dsym";
				ENABLE_NS_ASSERTIONS = NO;
				ENABLE_STRICT_OBJC_MSGSEND = YES;
				GCC_C_LANGUAGE_STANDARD = gnu11;
				GCC_NO_COMMON_BLOCKS = YES;
				GCC_WARN_64_TO_32_BIT_CONVERSION = YES;
				GCC_WARN_ABOUT_RETURN_TYPE = YES_ERROR;
				GCC_WARN_UNDECLARED_SELECTOR = YES;
				GCC_WARN_UNINITIALIZED_AUTOS = YES_AGGRESSIVE;
				GCC_WARN_UNUSED_FUNCTION = YES;
				GCC_WARN_UNUSED_VARIABLE = YES;
				IPHONEOS_DEPLOYMENT_TARGET = 12.4;
				MTL_ENABLE_DEBUG_INFO = NO;
				MTL_FAST_MATH = YES;
				SDKROOT = iphoneos;
				VALIDATE_PRODUCT = YES;
			};
			name = Release;
		};
		D44F312323674D980069ECAC /* Debug */ = {
			isa = XCBuildConfiguration;
			baseConfigurationReference = 0D6F1A575C335789386018D8 /* Pods-Weather.debug.xcconfig */;
			buildSettings = {
				ASSETCATALOG_COMPILER_APPICON_NAME = AppIcon;
				CODE_SIGN_STYLE = Automatic;
				DEVELOPMENT_TEAM = 2CACRG3S47;
				INFOPLIST_FILE = Weather/Info.plist;
				LD_RUNPATH_SEARCH_PATHS = (
					"$(inherited)",
					"@executable_path/Frameworks",
				);
				PRODUCT_BUNDLE_IDENTIFIER = sh.Weather;
				PRODUCT_NAME = "$(TARGET_NAME)";
				TARGETED_DEVICE_FAMILY = "1,2";
			};
			name = Debug;
		};
		D44F312423674D980069ECAC /* Release */ = {
			isa = XCBuildConfiguration;
			baseConfigurationReference = 7541B982AF1ACA95BABB89D3 /* Pods-Weather.release.xcconfig */;
			buildSettings = {
				ASSETCATALOG_COMPILER_APPICON_NAME = AppIcon;
				CODE_SIGN_STYLE = Automatic;
				DEVELOPMENT_TEAM = 2CACRG3S47;
				INFOPLIST_FILE = Weather/Info.plist;
				LD_RUNPATH_SEARCH_PATHS = (
					"$(inherited)",
					"@executable_path/Frameworks",
				);
				PRODUCT_BUNDLE_IDENTIFIER = sh.Weather;
				PRODUCT_NAME = "$(TARGET_NAME)";
				TARGETED_DEVICE_FAMILY = "1,2";
			};
			name = Release;
		};
/* End XCBuildConfiguration section */

/* Begin XCConfigurationList section */
		D44F310423674D970069ECAC /* Build configuration list for PBXProject "Weather" */ = {
			isa = XCConfigurationList;
			buildConfigurations = (
				D44F312023674D980069ECAC /* Debug */,
				D44F312123674D980069ECAC /* Release */,
			);
			defaultConfigurationIsVisible = 0;
			defaultConfigurationName = Release;
		};
		D44F312223674D980069ECAC /* Build configuration list for PBXNativeTarget "Weather" */ = {
			isa = XCConfigurationList;
			buildConfigurations = (
				D44F312323674D980069ECAC /* Debug */,
				D44F312423674D980069ECAC /* Release */,
			);
			defaultConfigurationIsVisible = 0;
			defaultConfigurationName = Release;
		};
/* End XCConfigurationList section */

/* Begin XCVersionGroup section */
		D44F311523674D970069ECAC /* Weather.xcdatamodeld */ = {
			isa = XCVersionGroup;
			children = (
				D44F311623674D970069ECAC /* Weather.xcdatamodel */,
			);
			currentVersion = D44F311623674D970069ECAC /* Weather.xcdatamodel */;
			path = Weather.xcdatamodeld;
			sourceTree = "<group>";
			versionGroupType = wrapper.xcdatamodel;
		};
/* End XCVersionGroup section */
	};
	rootObject = D44F310123674D970069ECAC /* Project object */;
}
